
Microsoft Visual Studio Solution File, Format Version 12.00
# Visual Studio Version 17
VisualStudioVersion = 17.7.34009.444
MinimumVisualStudioVersion = 10.0.40219.1
Project("{FAE04EC0-301F-11D3-BF4B-00C04F79EFBC}") = "FullStack.API", "FullStack.API\FullStack.API.csproj", "{A4CAFFF5-EC05-4829-80B8-C9385822F2ED}"
EndProject
Global
	GlobalSection(SolutionConfigurationPlatforms) = preSolution
		Debug|Any CPU = Debug|Any CPU
		Release|Any CPU = Release|Any CPU
	EndGlobalSection
	GlobalSection(ProjectConfigurationPlatforms) = postSolution
		{A4CAFFF5-EC05-4829-80B8-C9385822F2ED}.Debug|Any CPU.ActiveCfg = Debug|Any CPU
		{A4CAFFF5-EC05-4829-80B8-C9385822F2ED}.Debug|Any CPU.Build.0 = Debug|Any CPU
		{A4CAFFF5-EC05-4829-80B8-C9385822F2ED}.Release|Any CPU.ActiveCfg = Release|Any CPU
		{A4CAFFF5-EC05-4829-80B8-C9385822F2ED}.Release|Any CPU.Build.0 = Release|Any CPU
	EndGlobalSection
	GlobalSection(SolutionProperties) = preSolution
		HideSolutionNode = FALSE
	EndGlobalSection
	GlobalSection(ExtensibilityGlobals) = postSolution
		SolutionGuid = {26A1EEEC-D321-4D23-9EDD-624CF460DB51}
	EndGlobalSection
EndGlobal
